// !$*UTF8*$!
{
	archiveVersion = 1;
	classes = {
	};
	objectVersion = 51;
	objects = {

/* Begin PBXBuildFile section */
		AE216323E3396125CE17803B /* Pods_RXSample.framework in Frameworks */ = {isa = PBXBuildFile; fileRef = 8F114517E6A8252A784CC20A /* Pods_RXSample.framework */; };
		DF07FBB2234C90630056B402 /* ToolBarForSBVC.swift in Sources */ = {isa = PBXBuildFile; fileRef = DF07FBB1234C90630056B402 /* ToolBarForSBVC.swift */; };
		DF8690FA2342202F002E7911 /* UIColor+Extension.swift in Sources */ = {isa = PBXBuildFile; fileRef = DF8690DA2342202E002E7911 /* UIColor+Extension.swift */; };
		DF8690FB2342202F002E7911 /* Int+Extension.swift in Sources */ = {isa = PBXBuildFile; fileRef = DF8690DB2342202E002E7911 /* Int+Extension.swift */; };
		DF8690FC2342202F002E7911 /* OptionalExtension .swift in Sources */ = {isa = PBXBuildFile; fileRef = DF8690DC2342202E002E7911 /* OptionalExtension .swift */; };
		DF8690FD2342202F002E7911 /* UIImage+Extension.swift in Sources */ = {isa = PBXBuildFile; fileRef = DF8690DD2342202E002E7911 /* UIImage+Extension.swift */; };
		DF8690FE2342202F002E7911 /* UserDefaultsExtensions.swift in Sources */ = {isa = PBXBuildFile; fileRef = DF8690DE2342202E002E7911 /* UserDefaultsExtensions.swift */; };
		DF8690FF2342202F002E7911 /* ArrayExtension.swift in Sources */ = {isa = PBXBuildFile; fileRef = DF8690DF2342202E002E7911 /* ArrayExtension.swift */; };
		DF8691002342202F002E7911 /* QuickUI.swift in Sources */ = {isa = PBXBuildFile; fileRef = DF8690E02342202E002E7911 /* QuickUI.swift */; };
		DF8691012342202F002E7911 /* Notification.Name+Extension.swift in Sources */ = {isa = PBXBuildFile; fileRef = DF8690E12342202E002E7911 /* Notification.Name+Extension.swift */; };
		DF8691022342202F002E7911 /* StringExtensions.swift in Sources */ = {isa = PBXBuildFile; fileRef = DF8690E22342202E002E7911 /* StringExtensions.swift */; };
		DF8691032342202F002E7911 /* UIMotionEffect+Extension.swift in Sources */ = {isa = PBXBuildFile; fileRef = DF8690E32342202E002E7911 /* UIMotionEffect+Extension.swift */; };
		DF8691042342202F002E7911 /* Double+Extension.swift in Sources */ = {isa = PBXBuildFile; fileRef = DF8690E42342202E002E7911 /* Double+Extension.swift */; };
		DF8691052342202F002E7911 /* URL+Extension.swift in Sources */ = {isa = PBXBuildFile; fileRef = DF8690E52342202E002E7911 /* URL+Extension.swift */; };
		DF8691062342202F002E7911 /* UIViewExtension.swift in Sources */ = {isa = PBXBuildFile; fileRef = DF8690E62342202E002E7911 /* UIViewExtension.swift */; };
		DF8691072342202F002E7911 /* UIViewControllerExtensions.swift in Sources */ = {isa = PBXBuildFile; fileRef = DF8690E72342202E002E7911 /* UIViewControllerExtensions.swift */; };
		DF8691082342202F002E7911 /* UIDeviceExtension.swift in Sources */ = {isa = PBXBuildFile; fileRef = DF8690E82342202E002E7911 /* UIDeviceExtension.swift */; };
		DF8691092342202F002E7911 /* UIView+IBDesignable.swift in Sources */ = {isa = PBXBuildFile; fileRef = DF8690E92342202E002E7911 /* UIView+IBDesignable.swift */; };
		DF86910A2342202F002E7911 /* UINavigationControllerExtension.swift in Sources */ = {isa = PBXBuildFile; fileRef = DF8690EA2342202E002E7911 /* UINavigationControllerExtension.swift */; };
		DF86910B2342202F002E7911 /* GlobalParameter.swift in Sources */ = {isa = PBXBuildFile; fileRef = DF8690EB2342202E002E7911 /* GlobalParameter.swift */; };
		DF86910C2342202F002E7911 /* SnapKitExtensions.swift in Sources */ = {isa = PBXBuildFile; fileRef = DF8690EC2342202E002E7911 /* SnapKitExtensions.swift */; };
		DF86910D2342202F002E7911 /* ErrorExtension.swift in Sources */ = {isa = PBXBuildFile; fileRef = DF8690ED2342202E002E7911 /* ErrorExtension.swift */; };
		DF86910E2342202F002E7911 /* NSObjectExtensions.swift in Sources */ = {isa = PBXBuildFile; fileRef = DF8690EE2342202E002E7911 /* NSObjectExtensions.swift */; };
		DF86910F2342202F002E7911 /* DateExtension.swift in Sources */ = {isa = PBXBuildFile; fileRef = DF8690EF2342202E002E7911 /* DateExtension.swift */; };
		DF8691102342202F002E7911 /* UIFontExtensions.swift in Sources */ = {isa = PBXBuildFile; fileRef = DF8690F02342202E002E7911 /* UIFontExtensions.swift */; };
		DF8691112342202F002E7911 /* CGFloat+Extension.swift in Sources */ = {isa = PBXBuildFile; fileRef = DF8690F12342202E002E7911 /* CGFloat+Extension.swift */; };
		DF8691122342202F002E7911 /* Spring.swift in Sources */ = {isa = PBXBuildFile; fileRef = DF8690F32342202E002E7911 /* Spring.swift */; };
		DF8691132342202F002E7911 /* Misc.swift in Sources */ = {isa = PBXBuildFile; fileRef = DF8690F42342202E002E7911 /* Misc.swift */; };
		DF8691142342202F002E7911 /* SpringView.swift in Sources */ = {isa = PBXBuildFile; fileRef = DF8690F52342202E002E7911 /* SpringView.swift */; };
		DF8691152342202F002E7911 /* SpringAnimation.swift in Sources */ = {isa = PBXBuildFile; fileRef = DF8690F62342202E002E7911 /* SpringAnimation.swift */; };
		DF8691162342202F002E7911 /* Animation.swift in Sources */ = {isa = PBXBuildFile; fileRef = DF8690F82342202E002E7911 /* Animation.swift */; };
		DF8691172342202F002E7911 /* Animator.swift in Sources */ = {isa = PBXBuildFile; fileRef = DF8690F92342202E002E7911 /* Animator.swift */; };
		DF86912023422076002E7911 /* NibLoadable.swift in Sources */ = {isa = PBXBuildFile; fileRef = DF86911823422075002E7911 /* NibLoadable.swift */; };
		DF86912123422076002E7911 /* LZPopupTransitioningAnimate.swift in Sources */ = {isa = PBXBuildFile; fileRef = DF86911923422075002E7911 /* LZPopupTransitioningAnimate.swift */; };
		DF86912223422076002E7911 /* Then.swift in Sources */ = {isa = PBXBuildFile; fileRef = DF86911A23422075002E7911 /* Then.swift */; };
		DF86912323422076002E7911 /* URLHandler.swift in Sources */ = {isa = PBXBuildFile; fileRef = DF86911B23422075002E7911 /* URLHandler.swift */; };
		DF86912423422076002E7911 /* LZTransitioningAnimate.swift in Sources */ = {isa = PBXBuildFile; fileRef = DF86911C23422076002E7911 /* LZTransitioningAnimate.swift */; };
		DF86912523422076002E7911 /* LZToolBar.swift in Sources */ = {isa = PBXBuildFile; fileRef = DF86911D23422076002E7911 /* LZToolBar.swift */; };
		DF86912623422076002E7911 /* LZPresentationControlller.swift in Sources */ = {isa = PBXBuildFile; fileRef = DF86911E23422076002E7911 /* LZPresentationControlller.swift */; };
		DF86912723422076002E7911 /* LZPresentTransitioningAnimate.swift in Sources */ = {isa = PBXBuildFile; fileRef = DF86911F23422076002E7911 /* LZPresentTransitioningAnimate.swift */; };
		DF869129234221B9002E7911 /* QucikUIVC.swift in Sources */ = {isa = PBXBuildFile; fileRef = DF869128234221B9002E7911 /* QucikUIVC.swift */; };
		DFBE57952342234400975DA0 /* QucikFirstCell.swift in Sources */ = {isa = PBXBuildFile; fileRef = DFBE57942342234400975DA0 /* QucikFirstCell.swift */; };
		DFBE57972342236A00975DA0 /* BaseCell.swift in Sources */ = {isa = PBXBuildFile; fileRef = DFBE57962342236A00975DA0 /* BaseCell.swift */; };
		DFBE579A234227D400975DA0 /* LoadSBTableVC.swift in Sources */ = {isa = PBXBuildFile; fileRef = DFBE5799234227D400975DA0 /* LoadSBTableVC.swift */; };
		DFBE579C2342289F00975DA0 /* Test.storyboard in Resources */ = {isa = PBXBuildFile; fileRef = DFBE579B2342289F00975DA0 /* Test.storyboard */; };
		DFBE579E23422CBF00975DA0 /* StoryBoard.swift in Sources */ = {isa = PBXBuildFile; fileRef = DFBE579D23422CBF00975DA0 /* StoryBoard.swift */; };
		DFBE57A023422D9000975DA0 /* XibView.swift in Sources */ = {isa = PBXBuildFile; fileRef = DFBE579F23422D9000975DA0 /* XibView.swift */; };
		DFBE57A223422D9B00975DA0 /* XibView.xib in Resources */ = {isa = PBXBuildFile; fileRef = DFBE57A123422D9B00975DA0 /* XibView.xib */; };
		DFC41696232371D6009AD910 /* LearningRXDocments.swift in Sources */ = {isa = PBXBuildFile; fileRef = DFC41695232371D6009AD910 /* LearningRXDocments.swift */; };
		DFC416982323A096009AD910 /* DecisionTreeVC.swift in Sources */ = {isa = PBXBuildFile; fileRef = DFC416972323A096009AD910 /* DecisionTreeVC.swift */; };
		DFC4169E2323A12F009AD910 /* DecisionTree.storyboard in Resources */ = {isa = PBXBuildFile; fileRef = DFC4169C2323A12F009AD910 /* DecisionTree.storyboard */; };
		DFFB95A92321D89800362E42 /* AppDelegate.swift in Sources */ = {isa = PBXBuildFile; fileRef = DFFB95A82321D89800362E42 /* AppDelegate.swift */; };
		DFFB95AE2321D89800362E42 /* Main.storyboard in Resources */ = {isa = PBXBuildFile; fileRef = DFFB95AC2321D89800362E42 /* Main.storyboard */; };
		DFFB95B02321D89900362E42 /* Assets.xcassets in Resources */ = {isa = PBXBuildFile; fileRef = DFFB95AF2321D89900362E42 /* Assets.xcassets */; };
		DFFB95B32321D89900362E42 /* LaunchScreen.storyboard in Resources */ = {isa = PBXBuildFile; fileRef = DFFB95B12321D89900362E42 /* LaunchScreen.storyboard */; };
		DFFB95C32321E17D00362E42 /* AutogeneratedCodeProtocols.swift in Sources */ = {isa = PBXBuildFile; fileRef = DFFB95BC2321E17D00362E42 /* AutogeneratedCodeProtocols.swift */; };
		DFFB95C82321E17D00362E42 /* AutoMappable.stencil in Resources */ = {isa = PBXBuildFile; fileRef = DFFB95C12321E17D00362E42 /* AutoMappable.stencil */; };
		DFFB95D02321E6A500362E42 /* 开源接口.md in Resources */ = {isa = PBXBuildFile; fileRef = DFFB95CF2321E6A500362E42 /* 开源接口.md */; };
		DFFB95D22321E70E00362E42 /* OpenSourceService.swift in Sources */ = {isa = PBXBuildFile; fileRef = DFFB95D12321E70E00362E42 /* OpenSourceService.swift */; };
		DFFB95D42321E72600362E42 /* DouBanApi.swift in Sources */ = {isa = PBXBuildFile; fileRef = DFFB95D32321E72600362E42 /* DouBanApi.swift */; };
		DFFB95D62321EC0B00362E42 /* ChannelModel.swift in Sources */ = {isa = PBXBuildFile; fileRef = DFFB95D52321EC0B00362E42 /* ChannelModel.swift */; };
		DFFB95DB2321F10800362E42 /* AutoMappable.generated.swift in Sources */ = {isa = PBXBuildFile; fileRef = DFFB95DA2321F10800362E42 /* AutoMappable.generated.swift */; };
		DFFB95DD2321F1EB00362E42 /* Tb+MJ+RequestVC.swift in Sources */ = {isa = PBXBuildFile; fileRef = DFFB95DC2321F1EB00362E42 /* Tb+MJ+RequestVC.swift */; };
		DFFB95DF2321F23D00362E42 /* Tb+MJ+RequestVM.swift in Sources */ = {isa = PBXBuildFile; fileRef = DFFB95DE2321F23D00362E42 /* Tb+MJ+RequestVM.swift */; };
		DFFB95E723220E9200362E42 /* Observable+Response.swift in Sources */ = {isa = PBXBuildFile; fileRef = DFFB95E423220E9200362E42 /* Observable+Response.swift */; };
		DFFB95E823220E9200362E42 /* MoyaProvider+Rx.swift in Sources */ = {isa = PBXBuildFile; fileRef = DFFB95E523220E9200362E42 /* MoyaProvider+Rx.swift */; };
		DFFB95E923220E9200362E42 /* Single+Response.swift in Sources */ = {isa = PBXBuildFile; fileRef = DFFB95E623220E9200362E42 /* Single+Response.swift */; };
		DFFB95EE23222A7100362E42 /* ObservableType+ObjectMapper.swift in Sources */ = {isa = PBXBuildFile; fileRef = DFFB95EB23222A7100362E42 /* ObservableType+ObjectMapper.swift */; };
		DFFB95EF23222A7100362E42 /* Single+ObjectMapper.swift in Sources */ = {isa = PBXBuildFile; fileRef = DFFB95EC23222A7100362E42 /* Single+ObjectMapper.swift */; };
		DFFB95F023222A7100362E42 /* Response+ObjectMapper.swift in Sources */ = {isa = PBXBuildFile; fileRef = DFFB95ED23222A7100362E42 /* Response+ObjectMapper.swift */; };
		DFFB95F42322463700362E42 /* SongModel.swift in Sources */ = {isa = PBXBuildFile; fileRef = DFFB95F32322463700362E42 /* SongModel.swift */; };
		DFFB95F72322656000362E42 /* HomeCell.swift in Sources */ = {isa = PBXBuildFile; fileRef = DFFB95F52322656000362E42 /* HomeCell.swift */; };
		DFFB95F82322656000362E42 /* HomeCell.xib in Resources */ = {isa = PBXBuildFile; fileRef = DFFB95F62322656000362E42 /* HomeCell.xib */; };
		EC144427234D712800DD0D04 /* BindableType.swift in Sources */ = {isa = PBXBuildFile; fileRef = EC144426234D712800DD0D04 /* BindableType.swift */; };
		EC144429234D713100DD0D04 /* UIView+Swizzle.swift in Sources */ = {isa = PBXBuildFile; fileRef = EC144428234D713100DD0D04 /* UIView+Swizzle.swift */; };
		EC14442B234D713900DD0D04 /* UIViewController+Swizzle.swift in Sources */ = {isa = PBXBuildFile; fileRef = EC14442A234D713900DD0D04 /* UIViewController+Swizzle.swift */; };
		ECB75C6D234D8B4D00D4F68A /* Ignore.swift in Sources */ = {isa = PBXBuildFile; fileRef = ECB75C59234D8B4B00D4F68A /* Ignore.swift */; };
		ECB75C6E234D8B4D00D4F68A /* Subscribe.swift in Sources */ = {isa = PBXBuildFile; fileRef = ECB75C5A234D8B4B00D4F68A /* Subscribe.swift */; };
		ECB75C6F234D8B4D00D4F68A /* Not.swift in Sources */ = {isa = PBXBuildFile; fileRef = ECB75C5B234D8B4B00D4F68A /* Not.swift */; };
		ECB75C70234D8B4D00D4F68A /* ActivityIndicator.swift in Sources */ = {isa = PBXBuildFile; fileRef = ECB75C5C234D8B4B00D4F68A /* ActivityIndicator.swift */; };
		ECB75C71234D8B4D00D4F68A /* Distinct.swift in Sources */ = {isa = PBXBuildFile; fileRef = ECB75C5D234D8B4B00D4F68A /* Distinct.swift */; };
		ECB75C72234D8B4D00D4F68A /* Map.swift in Sources */ = {isa = PBXBuildFile; fileRef = ECB75C5E234D8B4C00D4F68A /* Map.swift */; };
		ECB75C73234D8B4D00D4F68A /* Filter.swift in Sources */ = {isa = PBXBuildFile; fileRef = ECB75C5F234D8B4C00D4F68A /* Filter.swift */; };
		ECB75C74234D8B4D00D4F68A /* FromAsync.swift in Sources */ = {isa = PBXBuildFile; fileRef = ECB75C60234D8B4C00D4F68A /* FromAsync.swift */; };
		ECB75C75234D8B4D00D4F68A /* CatchError.swift in Sources */ = {isa = PBXBuildFile; fileRef = ECB75C61234D8B4C00D4F68A /* CatchError.swift */; };
		ECB75C76234D8B4D00D4F68A /* Curry.swift in Sources */ = {isa = PBXBuildFile; fileRef = ECB75C62234D8B4C00D4F68A /* Curry.swift */; };
		ECB75C77234D8B4D00D4F68A /* Pausable.swift in Sources */ = {isa = PBXBuildFile; fileRef = ECB75C63234D8B4C00D4F68A /* Pausable.swift */; };
		ECB75C78234D8B4D00D4F68A /* ShareOnce.swift in Sources */ = {isa = PBXBuildFile; fileRef = ECB75C64234D8B4C00D4F68A /* ShareOnce.swift */; };
		ECB75C79234D8B4D00D4F68A /* StartWith.swift in Sources */ = {isa = PBXBuildFile; fileRef = ECB75C65234D8B4C00D4F68A /* StartWith.swift */; };
		ECB75C7A234D8B4D00D4F68A /* WithLatestFrom.swift in Sources */ = {isa = PBXBuildFile; fileRef = ECB75C66234D8B4C00D4F68A /* WithLatestFrom.swift */; };
		ECB75C7B234D8B4D00D4F68A /* As.swift in Sources */ = {isa = PBXBuildFile; fileRef = ECB75C67234D8B4D00D4F68A /* As.swift */; };
		ECB75C7C234D8B4D00D4F68A /* Nwise.swift in Sources */ = {isa = PBXBuildFile; fileRef = ECB75C68234D8B4D00D4F68A /* Nwise.swift */; };
		ECB75C7D234D8B4D00D4F68A /* PausableBuffered.swift in Sources */ = {isa = PBXBuildFile; fileRef = ECB75C69234D8B4D00D4F68A /* PausableBuffered.swift */; };
		ECB75C7E234D8B4D00D4F68A /* ErrorTracker.swift in Sources */ = {isa = PBXBuildFile; fileRef = ECB75C6A234D8B4D00D4F68A /* ErrorTracker.swift */; };
		ECB75C7F234D8B4D00D4F68A /* Do.swift in Sources */ = {isa = PBXBuildFile; fileRef = ECB75C6B234D8B4D00D4F68A /* Do.swift */; };
		ECB75C80234D8B4D00D4F68A /* ObserveOn.swift in Sources */ = {isa = PBXBuildFile; fileRef = ECB75C6C234D8B4D00D4F68A /* ObserveOn.swift */; };
		ECB75C89234D8BFA00D4F68A /* Filter.swift in Sources */ = {isa = PBXBuildFile; fileRef = ECB75C82234D8BFA00D4F68A /* Filter.swift */; };
		ECB75C8A234D8BFA00D4F68A /* Bind+Operator.swift in Sources */ = {isa = PBXBuildFile; fileRef = ECB75C83234D8BFA00D4F68A /* Bind+Operator.swift */; };
		ECB75C8B234D8BFA00D4F68A /* ControlProperty.swift in Sources */ = {isa = PBXBuildFile; fileRef = ECB75C84234D8BFA00D4F68A /* ControlProperty.swift */; };
		ECB75C8C234D8BFA00D4F68A /* Map.swift in Sources */ = {isa = PBXBuildFile; fileRef = ECB75C85234D8BFA00D4F68A /* Map.swift */; };
		ECB75C8D234D8BFA00D4F68A /* DisposeBag+Operator.swift in Sources */ = {isa = PBXBuildFile; fileRef = ECB75C86234D8BFA00D4F68A /* DisposeBag+Operator.swift */; };
		ECB75C8E234D8BFA00D4F68A /* <->.swift in Sources */ = {isa = PBXBuildFile; fileRef = ECB75C87234D8BFA00D4F68A /* <->.swift */; };
		ECB75C8F234D8BFA00D4F68A /* CatchError.swift in Sources */ = {isa = PBXBuildFile; fileRef = ECB75C88234D8BFA00D4F68A /* CatchError.swift */; };
/* End PBXBuildFile section */

/* Begin PBXFileReference section */
		05FD42EE1A8257E5583FCE75 /* Pods-RXSample.debug.xcconfig */ = {isa = PBXFileReference; includeInIndex = 1; lastKnownFileType = text.xcconfig; name = "Pods-RXSample.debug.xcconfig"; path = "Target Support Files/Pods-RXSample/Pods-RXSample.debug.xcconfig"; sourceTree = "<group>"; };
		8F114517E6A8252A784CC20A /* Pods_RXSample.framework */ = {isa = PBXFileReference; explicitFileType = wrapper.framework; includeInIndex = 0; path = Pods_RXSample.framework; sourceTree = BUILT_PRODUCTS_DIR; };
		DF07FBB1234C90630056B402 /* ToolBarForSBVC.swift */ = {isa = PBXFileReference; lastKnownFileType = sourcecode.swift; path = ToolBarForSBVC.swift; sourceTree = "<group>"; };
		DF8690DA2342202E002E7911 /* UIColor+Extension.swift */ = {isa = PBXFileReference; fileEncoding = 4; lastKnownFileType = sourcecode.swift; path = "UIColor+Extension.swift"; sourceTree = "<group>"; };
		DF8690DB2342202E002E7911 /* Int+Extension.swift */ = {isa = PBXFileReference; fileEncoding = 4; lastKnownFileType = sourcecode.swift; path = "Int+Extension.swift"; sourceTree = "<group>"; };
		DF8690DC2342202E002E7911 /* OptionalExtension .swift */ = {isa = PBXFileReference; fileEncoding = 4; lastKnownFileType = sourcecode.swift; path = "OptionalExtension .swift"; sourceTree = "<group>"; };
		DF8690DD2342202E002E7911 /* UIImage+Extension.swift */ = {isa = PBXFileReference; fileEncoding = 4; lastKnownFileType = sourcecode.swift; path = "UIImage+Extension.swift"; sourceTree = "<group>"; };
		DF8690DE2342202E002E7911 /* UserDefaultsExtensions.swift */ = {isa = PBXFileReference; fileEncoding = 4; lastKnownFileType = sourcecode.swift; path = UserDefaultsExtensions.swift; sourceTree = "<group>"; };
		DF8690DF2342202E002E7911 /* ArrayExtension.swift */ = {isa = PBXFileReference; fileEncoding = 4; lastKnownFileType = sourcecode.swift; path = ArrayExtension.swift; sourceTree = "<group>"; };
		DF8690E02342202E002E7911 /* QuickUI.swift */ = {isa = PBXFileReference; fileEncoding = 4; lastKnownFileType = sourcecode.swift; path = QuickUI.swift; sourceTree = "<group>"; };
		DF8690E12342202E002E7911 /* Notification.Name+Extension.swift */ = {isa = PBXFileReference; fileEncoding = 4; lastKnownFileType = sourcecode.swift; path = "Notification.Name+Extension.swift"; sourceTree = "<group>"; };
		DF8690E22342202E002E7911 /* StringExtensions.swift */ = {isa = PBXFileReference; fileEncoding = 4; lastKnownFileType = sourcecode.swift; path = StringExtensions.swift; sourceTree = "<group>"; };
		DF8690E32342202E002E7911 /* UIMotionEffect+Extension.swift */ = {isa = PBXFileReference; fileEncoding = 4; lastKnownFileType = sourcecode.swift; path = "UIMotionEffect+Extension.swift"; sourceTree = "<group>"; };
		DF8690E42342202E002E7911 /* Double+Extension.swift */ = {isa = PBXFileReference; fileEncoding = 4; lastKnownFileType = sourcecode.swift; path = "Double+Extension.swift"; sourceTree = "<group>"; };
		DF8690E52342202E002E7911 /* URL+Extension.swift */ = {isa = PBXFileReference; fileEncoding = 4; lastKnownFileType = sourcecode.swift; path = "URL+Extension.swift"; sourceTree = "<group>"; };
		DF8690E62342202E002E7911 /* UIViewExtension.swift */ = {isa = PBXFileReference; fileEncoding = 4; lastKnownFileType = sourcecode.swift; path = UIViewExtension.swift; sourceTree = "<group>"; };
		DF8690E72342202E002E7911 /* UIViewControllerExtensions.swift */ = {isa = PBXFileReference; fileEncoding = 4; lastKnownFileType = sourcecode.swift; path = UIViewControllerExtensions.swift; sourceTree = "<group>"; };
		DF8690E82342202E002E7911 /* UIDeviceExtension.swift */ = {isa = PBXFileReference; fileEncoding = 4; lastKnownFileType = sourcecode.swift; path = UIDeviceExtension.swift; sourceTree = "<group>"; };
		DF8690E92342202E002E7911 /* UIView+IBDesignable.swift */ = {isa = PBXFileReference; fileEncoding = 4; lastKnownFileType = sourcecode.swift; path = "UIView+IBDesignable.swift"; sourceTree = "<group>"; };
		DF8690EA2342202E002E7911 /* UINavigationControllerExtension.swift */ = {isa = PBXFileReference; fileEncoding = 4; lastKnownFileType = sourcecode.swift; path = UINavigationControllerExtension.swift; sourceTree = "<group>"; };
		DF8690EB2342202E002E7911 /* GlobalParameter.swift */ = {isa = PBXFileReference; fileEncoding = 4; lastKnownFileType = sourcecode.swift; path = GlobalParameter.swift; sourceTree = "<group>"; };
		DF8690EC2342202E002E7911 /* SnapKitExtensions.swift */ = {isa = PBXFileReference; fileEncoding = 4; lastKnownFileType = sourcecode.swift; path = SnapKitExtensions.swift; sourceTree = "<group>"; };
		DF8690ED2342202E002E7911 /* ErrorExtension.swift */ = {isa = PBXFileReference; fileEncoding = 4; lastKnownFileType = sourcecode.swift; path = ErrorExtension.swift; sourceTree = "<group>"; };
		DF8690EE2342202E002E7911 /* NSObjectExtensions.swift */ = {isa = PBXFileReference; fileEncoding = 4; lastKnownFileType = sourcecode.swift; path = NSObjectExtensions.swift; sourceTree = "<group>"; };
		DF8690EF2342202E002E7911 /* DateExtension.swift */ = {isa = PBXFileReference; fileEncoding = 4; lastKnownFileType = sourcecode.swift; path = DateExtension.swift; sourceTree = "<group>"; };
		DF8690F02342202E002E7911 /* UIFontExtensions.swift */ = {isa = PBXFileReference; fileEncoding = 4; lastKnownFileType = sourcecode.swift; path = UIFontExtensions.swift; sourceTree = "<group>"; };
		DF8690F12342202E002E7911 /* CGFloat+Extension.swift */ = {isa = PBXFileReference; fileEncoding = 4; lastKnownFileType = sourcecode.swift; path = "CGFloat+Extension.swift"; sourceTree = "<group>"; };
		DF8690F32342202E002E7911 /* Spring.swift */ = {isa = PBXFileReference; fileEncoding = 4; lastKnownFileType = sourcecode.swift; path = Spring.swift; sourceTree = "<group>"; };
		DF8690F42342202E002E7911 /* Misc.swift */ = {isa = PBXFileReference; fileEncoding = 4; lastKnownFileType = sourcecode.swift; path = Misc.swift; sourceTree = "<group>"; };
		DF8690F52342202E002E7911 /* SpringView.swift */ = {isa = PBXFileReference; fileEncoding = 4; lastKnownFileType = sourcecode.swift; path = SpringView.swift; sourceTree = "<group>"; };
		DF8690F62342202E002E7911 /* SpringAnimation.swift */ = {isa = PBXFileReference; fileEncoding = 4; lastKnownFileType = sourcecode.swift; path = SpringAnimation.swift; sourceTree = "<group>"; };
		DF8690F82342202E002E7911 /* Animation.swift */ = {isa = PBXFileReference; fileEncoding = 4; lastKnownFileType = sourcecode.swift; path = Animation.swift; sourceTree = "<group>"; };
		DF8690F92342202E002E7911 /* Animator.swift */ = {isa = PBXFileReference; fileEncoding = 4; lastKnownFileType = sourcecode.swift; path = Animator.swift; sourceTree = "<group>"; };
		DF86911823422075002E7911 /* NibLoadable.swift */ = {isa = PBXFileReference; fileEncoding = 4; lastKnownFileType = sourcecode.swift; path = NibLoadable.swift; sourceTree = "<group>"; };
		DF86911923422075002E7911 /* LZPopupTransitioningAnimate.swift */ = {isa = PBXFileReference; fileEncoding = 4; lastKnownFileType = sourcecode.swift; path = LZPopupTransitioningAnimate.swift; sourceTree = "<group>"; };
		DF86911A23422075002E7911 /* Then.swift */ = {isa = PBXFileReference; fileEncoding = 4; lastKnownFileType = sourcecode.swift; path = Then.swift; sourceTree = "<group>"; };
		DF86911B23422075002E7911 /* URLHandler.swift */ = {isa = PBXFileReference; fileEncoding = 4; lastKnownFileType = sourcecode.swift; path = URLHandler.swift; sourceTree = "<group>"; };
		DF86911C23422076002E7911 /* LZTransitioningAnimate.swift */ = {isa = PBXFileReference; fileEncoding = 4; lastKnownFileType = sourcecode.swift; path = LZTransitioningAnimate.swift; sourceTree = "<group>"; };
		DF86911D23422076002E7911 /* LZToolBar.swift */ = {isa = PBXFileReference; fileEncoding = 4; lastKnownFileType = sourcecode.swift; path = LZToolBar.swift; sourceTree = "<group>"; };
		DF86911E23422076002E7911 /* LZPresentationControlller.swift */ = {isa = PBXFileReference; fileEncoding = 4; lastKnownFileType = sourcecode.swift; path = LZPresentationControlller.swift; sourceTree = "<group>"; };
		DF86911F23422076002E7911 /* LZPresentTransitioningAnimate.swift */ = {isa = PBXFileReference; fileEncoding = 4; lastKnownFileType = sourcecode.swift; path = LZPresentTransitioningAnimate.swift; sourceTree = "<group>"; };
		DF869128234221B9002E7911 /* QucikUIVC.swift */ = {isa = PBXFileReference; lastKnownFileType = sourcecode.swift; path = QucikUIVC.swift; sourceTree = "<group>"; };
		DFBE57942342234400975DA0 /* QucikFirstCell.swift */ = {isa = PBXFileReference; lastKnownFileType = sourcecode.swift; path = QucikFirstCell.swift; sourceTree = "<group>"; };
		DFBE57962342236A00975DA0 /* BaseCell.swift */ = {isa = PBXFileReference; lastKnownFileType = sourcecode.swift; path = BaseCell.swift; sourceTree = "<group>"; };
		DFBE5799234227D400975DA0 /* LoadSBTableVC.swift */ = {isa = PBXFileReference; lastKnownFileType = sourcecode.swift; path = LoadSBTableVC.swift; sourceTree = "<group>"; };
		DFBE579B2342289F00975DA0 /* Test.storyboard */ = {isa = PBXFileReference; lastKnownFileType = file.storyboard; path = Test.storyboard; sourceTree = "<group>"; };
		DFBE579D23422CBF00975DA0 /* StoryBoard.swift */ = {isa = PBXFileReference; lastKnownFileType = sourcecode.swift; path = StoryBoard.swift; sourceTree = "<group>"; };
		DFBE579F23422D9000975DA0 /* XibView.swift */ = {isa = PBXFileReference; lastKnownFileType = sourcecode.swift; path = XibView.swift; sourceTree = "<group>"; };
		DFBE57A123422D9B00975DA0 /* XibView.xib */ = {isa = PBXFileReference; lastKnownFileType = file.xib; path = XibView.xib; sourceTree = "<group>"; };
		DFC41695232371D6009AD910 /* LearningRXDocments.swift */ = {isa = PBXFileReference; lastKnownFileType = sourcecode.swift; path = LearningRXDocments.swift; sourceTree = "<group>"; };
		DFC416972323A096009AD910 /* DecisionTreeVC.swift */ = {isa = PBXFileReference; lastKnownFileType = sourcecode.swift; path = DecisionTreeVC.swift; sourceTree = "<group>"; };
		DFC4169D2323A12F009AD910 /* Base */ = {isa = PBXFileReference; lastKnownFileType = file.storyboard; name = Base; path = Base.lproj/DecisionTree.storyboard; sourceTree = "<group>"; };
		DFFB95A52321D89800362E42 /* RXSample.app */ = {isa = PBXFileReference; explicitFileType = wrapper.application; includeInIndex = 0; path = RXSample.app; sourceTree = BUILT_PRODUCTS_DIR; };
		DFFB95A82321D89800362E42 /* AppDelegate.swift */ = {isa = PBXFileReference; lastKnownFileType = sourcecode.swift; path = AppDelegate.swift; sourceTree = "<group>"; };
		DFFB95AD2321D89800362E42 /* Base */ = {isa = PBXFileReference; lastKnownFileType = file.storyboard; name = Base; path = Base.lproj/Main.storyboard; sourceTree = "<group>"; };
		DFFB95AF2321D89900362E42 /* Assets.xcassets */ = {isa = PBXFileReference; lastKnownFileType = folder.assetcatalog; path = Assets.xcassets; sourceTree = "<group>"; };
		DFFB95B22321D89900362E42 /* Base */ = {isa = PBXFileReference; lastKnownFileType = file.storyboard; name = Base; path = Base.lproj/LaunchScreen.storyboard; sourceTree = "<group>"; };
		DFFB95B42321D89900362E42 /* Info.plist */ = {isa = PBXFileReference; lastKnownFileType = text.plist.xml; path = Info.plist; sourceTree = "<group>"; };
		DFFB95BC2321E17D00362E42 /* AutogeneratedCodeProtocols.swift */ = {isa = PBXFileReference; fileEncoding = 4; lastKnownFileType = sourcecode.swift; path = AutogeneratedCodeProtocols.swift; sourceTree = "<group>"; };
		DFFB95C12321E17D00362E42 /* AutoMappable.stencil */ = {isa = PBXFileReference; fileEncoding = 4; lastKnownFileType = text; path = AutoMappable.stencil; sourceTree = "<group>"; };
		DFFB95CF2321E6A500362E42 /* 开源接口.md */ = {isa = PBXFileReference; fileEncoding = 4; lastKnownFileType = net.daringfireball.markdown; path = "开源接口.md"; sourceTree = "<group>"; };
		DFFB95D12321E70E00362E42 /* OpenSourceService.swift */ = {isa = PBXFileReference; lastKnownFileType = sourcecode.swift; path = OpenSourceService.swift; sourceTree = "<group>"; };
		DFFB95D32321E72600362E42 /* DouBanApi.swift */ = {isa = PBXFileReference; lastKnownFileType = sourcecode.swift; path = DouBanApi.swift; sourceTree = "<group>"; };
		DFFB95D52321EC0B00362E42 /* ChannelModel.swift */ = {isa = PBXFileReference; lastKnownFileType = sourcecode.swift; path = ChannelModel.swift; sourceTree = "<group>"; };
		DFFB95DA2321F10800362E42 /* AutoMappable.generated.swift */ = {isa = PBXFileReference; fileEncoding = 4; lastKnownFileType = sourcecode.swift; path = AutoMappable.generated.swift; sourceTree = "<group>"; };
		DFFB95DC2321F1EB00362E42 /* Tb+MJ+RequestVC.swift */ = {isa = PBXFileReference; lastKnownFileType = sourcecode.swift; path = "Tb+MJ+RequestVC.swift"; sourceTree = "<group>"; };
		DFFB95DE2321F23D00362E42 /* Tb+MJ+RequestVM.swift */ = {isa = PBXFileReference; lastKnownFileType = sourcecode.swift; path = "Tb+MJ+RequestVM.swift"; sourceTree = "<group>"; };
		DFFB95E423220E9200362E42 /* Observable+Response.swift */ = {isa = PBXFileReference; fileEncoding = 4; lastKnownFileType = sourcecode.swift; path = "Observable+Response.swift"; sourceTree = "<group>"; };
		DFFB95E523220E9200362E42 /* MoyaProvider+Rx.swift */ = {isa = PBXFileReference; fileEncoding = 4; lastKnownFileType = sourcecode.swift; path = "MoyaProvider+Rx.swift"; sourceTree = "<group>"; };
		DFFB95E623220E9200362E42 /* Single+Response.swift */ = {isa = PBXFileReference; fileEncoding = 4; lastKnownFileType = sourcecode.swift; path = "Single+Response.swift"; sourceTree = "<group>"; };
		DFFB95EB23222A7100362E42 /* ObservableType+ObjectMapper.swift */ = {isa = PBXFileReference; fileEncoding = 4; lastKnownFileType = sourcecode.swift; path = "ObservableType+ObjectMapper.swift"; sourceTree = "<group>"; };
		DFFB95EC23222A7100362E42 /* Single+ObjectMapper.swift */ = {isa = PBXFileReference; fileEncoding = 4; lastKnownFileType = sourcecode.swift; path = "Single+ObjectMapper.swift"; sourceTree = "<group>"; };
		DFFB95ED23222A7100362E42 /* Response+ObjectMapper.swift */ = {isa = PBXFileReference; fileEncoding = 4; lastKnownFileType = sourcecode.swift; path = "Response+ObjectMapper.swift"; sourceTree = "<group>"; };
		DFFB95F32322463700362E42 /* SongModel.swift */ = {isa = PBXFileReference; lastKnownFileType = sourcecode.swift; path = SongModel.swift; sourceTree = "<group>"; };
		DFFB95F52322656000362E42 /* HomeCell.swift */ = {isa = PBXFileReference; lastKnownFileType = sourcecode.swift; path = HomeCell.swift; sourceTree = "<group>"; };
		DFFB95F62322656000362E42 /* HomeCell.xib */ = {isa = PBXFileReference; lastKnownFileType = file.xib; path = HomeCell.xib; sourceTree = "<group>"; };
		EC144426234D712800DD0D04 /* BindableType.swift */ = {isa = PBXFileReference; fileEncoding = 4; lastKnownFileType = sourcecode.swift; path = BindableType.swift; sourceTree = "<group>"; };
		EC144428234D713100DD0D04 /* UIView+Swizzle.swift */ = {isa = PBXFileReference; fileEncoding = 4; lastKnownFileType = sourcecode.swift; path = "UIView+Swizzle.swift"; sourceTree = "<group>"; };
		EC14442A234D713900DD0D04 /* UIViewController+Swizzle.swift */ = {isa = PBXFileReference; fileEncoding = 4; lastKnownFileType = sourcecode.swift; path = "UIViewController+Swizzle.swift"; sourceTree = "<group>"; };
		ECB75C59234D8B4B00D4F68A /* Ignore.swift */ = {isa = PBXFileReference; fileEncoding = 4; lastKnownFileType = sourcecode.swift; path = Ignore.swift; sourceTree = "<group>"; };
		ECB75C5A234D8B4B00D4F68A /* Subscribe.swift */ = {isa = PBXFileReference; fileEncoding = 4; lastKnownFileType = sourcecode.swift; path = Subscribe.swift; sourceTree = "<group>"; };
		ECB75C5B234D8B4B00D4F68A /* Not.swift */ = {isa = PBXFileReference; fileEncoding = 4; lastKnownFileType = sourcecode.swift; path = Not.swift; sourceTree = "<group>"; };
		ECB75C5C234D8B4B00D4F68A /* ActivityIndicator.swift */ = {isa = PBXFileReference; fileEncoding = 4; lastKnownFileType = sourcecode.swift; path = ActivityIndicator.swift; sourceTree = "<group>"; };
		ECB75C5D234D8B4B00D4F68A /* Distinct.swift */ = {isa = PBXFileReference; fileEncoding = 4; lastKnownFileType = sourcecode.swift; path = Distinct.swift; sourceTree = "<group>"; };
		ECB75C5E234D8B4C00D4F68A /* Map.swift */ = {isa = PBXFileReference; fileEncoding = 4; lastKnownFileType = sourcecode.swift; path = Map.swift; sourceTree = "<group>"; };
		ECB75C5F234D8B4C00D4F68A /* Filter.swift */ = {isa = PBXFileReference; fileEncoding = 4; lastKnownFileType = sourcecode.swift; path = Filter.swift; sourceTree = "<group>"; };
		ECB75C60234D8B4C00D4F68A /* FromAsync.swift */ = {isa = PBXFileReference; fileEncoding = 4; lastKnownFileType = sourcecode.swift; path = FromAsync.swift; sourceTree = "<group>"; };
		ECB75C61234D8B4C00D4F68A /* CatchError.swift */ = {isa = PBXFileReference; fileEncoding = 4; lastKnownFileType = sourcecode.swift; path = CatchError.swift; sourceTree = "<group>"; };
		ECB75C62234D8B4C00D4F68A /* Curry.swift */ = {isa = PBXFileReference; fileEncoding = 4; lastKnownFileType = sourcecode.swift; path = Curry.swift; sourceTree = "<group>"; };
		ECB75C63234D8B4C00D4F68A /* Pausable.swift */ = {isa = PBXFileReference; fileEncoding = 4; lastKnownFileType = sourcecode.swift; path = Pausable.swift; sourceTree = "<group>"; };
		ECB75C64234D8B4C00D4F68A /* ShareOnce.swift */ = {isa = PBXFileReference; fileEncoding = 4; lastKnownFileType = sourcecode.swift; path = ShareOnce.swift; sourceTree = "<group>"; };
		ECB75C65234D8B4C00D4F68A /* StartWith.swift */ = {isa = PBXFileReference; fileEncoding = 4; lastKnownFileType = sourcecode.swift; path = StartWith.swift; sourceTree = "<group>"; };
		ECB75C66234D8B4C00D4F68A /* WithLatestFrom.swift */ = {isa = PBXFileReference; fileEncoding = 4; lastKnownFileType = sourcecode.swift; path = WithLatestFrom.swift; sourceTree = "<group>"; };
		ECB75C67234D8B4D00D4F68A /* As.swift */ = {isa = PBXFileReference; fileEncoding = 4; lastKnownFileType = sourcecode.swift; path = As.swift; sourceTree = "<group>"; };
		ECB75C68234D8B4D00D4F68A /* Nwise.swift */ = {isa = PBXFileReference; fileEncoding = 4; lastKnownFileType = sourcecode.swift; path = Nwise.swift; sourceTree = "<group>"; };
		ECB75C69234D8B4D00D4F68A /* PausableBuffered.swift */ = {isa = PBXFileReference; fileEncoding = 4; lastKnownFileType = sourcecode.swift; path = PausableBuffered.swift; sourceTree = "<group>"; };
		ECB75C6A234D8B4D00D4F68A /* ErrorTracker.swift */ = {isa = PBXFileReference; fileEncoding = 4; lastKnownFileType = sourcecode.swift; path = ErrorTracker.swift; sourceTree = "<group>"; };
		ECB75C6B234D8B4D00D4F68A /* Do.swift */ = {isa = PBXFileReference; fileEncoding = 4; lastKnownFileType = sourcecode.swift; path = Do.swift; sourceTree = "<group>"; };
		ECB75C6C234D8B4D00D4F68A /* ObserveOn.swift */ = {isa = PBXFileReference; fileEncoding = 4; lastKnownFileType = sourcecode.swift; path = ObserveOn.swift; sourceTree = "<group>"; };
		ECB75C82234D8BFA00D4F68A /* Filter.swift */ = {isa = PBXFileReference; fileEncoding = 4; lastKnownFileType = sourcecode.swift; path = Filter.swift; sourceTree = "<group>"; };
		ECB75C83234D8BFA00D4F68A /* Bind+Operator.swift */ = {isa = PBXFileReference; fileEncoding = 4; lastKnownFileType = sourcecode.swift; path = "Bind+Operator.swift"; sourceTree = "<group>"; };
		ECB75C84234D8BFA00D4F68A /* ControlProperty.swift */ = {isa = PBXFileReference; fileEncoding = 4; lastKnownFileType = sourcecode.swift; path = ControlProperty.swift; sourceTree = "<group>"; };
		ECB75C85234D8BFA00D4F68A /* Map.swift */ = {isa = PBXFileReference; fileEncoding = 4; lastKnownFileType = sourcecode.swift; path = Map.swift; sourceTree = "<group>"; };
		ECB75C86234D8BFA00D4F68A /* DisposeBag+Operator.swift */ = {isa = PBXFileReference; fileEncoding = 4; lastKnownFileType = sourcecode.swift; path = "DisposeBag+Operator.swift"; sourceTree = "<group>"; };
		ECB75C87234D8BFA00D4F68A /* <->.swift */ = {isa = PBXFileReference; fileEncoding = 4; lastKnownFileType = sourcecode.swift; path = "<->.swift"; sourceTree = "<group>"; };
		ECB75C88234D8BFA00D4F68A /* CatchError.swift */ = {isa = PBXFileReference; fileEncoding = 4; lastKnownFileType = sourcecode.swift; path = CatchError.swift; sourceTree = "<group>"; };
		F0C1B9BD5BFCD786B940CFB0 /* Pods-RXSample.release.xcconfig */ = {isa = PBXFileReference; includeInIndex = 1; lastKnownFileType = text.xcconfig; name = "Pods-RXSample.release.xcconfig"; path = "Target Support Files/Pods-RXSample/Pods-RXSample.release.xcconfig"; sourceTree = "<group>"; };
/* End PBXFileReference section */

/* Begin PBXFrameworksBuildPhase section */
		DFFB95A22321D89800362E42 /* Frameworks */ = {
			isa = PBXFrameworksBuildPhase;
			buildActionMask = 2147483647;
			files = (
				AE216323E3396125CE17803B /* Pods_RXSample.framework in Frameworks */,
			);
			runOnlyForDeploymentPostprocessing = 0;
		};
/* End PBXFrameworksBuildPhase section */

/* Begin PBXGroup section */
		3723DA5D157D5E927C8EDB10 /* Pods */ = {
			isa = PBXGroup;
			children = (
				05FD42EE1A8257E5583FCE75 /* Pods-RXSample.debug.xcconfig */,
				F0C1B9BD5BFCD786B940CFB0 /* Pods-RXSample.release.xcconfig */,
			);
			path = Pods;
			sourceTree = "<group>";
		};
		C0F07E909203AB5726F1D933 /* Frameworks */ = {
			isa = PBXGroup;
			children = (
				8F114517E6A8252A784CC20A /* Pods_RXSample.framework */,
			);
			name = Frameworks;
			sourceTree = "<group>";
		};
		DF8690D623421FC5002E7911 /* 效率提升的一些便利方法 */ = {
			isa = PBXGroup;
			children = (
				DF8690EB2342202E002E7911 /* GlobalParameter.swift */,
				DF86911923422075002E7911 /* LZPopupTransitioningAnimate.swift */,
				DF86911E23422076002E7911 /* LZPresentationControlller.swift */,
				DF86911F23422076002E7911 /* LZPresentTransitioningAnimate.swift */,
				DF86911D23422076002E7911 /* LZToolBar.swift */,
				DF86911C23422076002E7911 /* LZTransitioningAnimate.swift */,
				DF86911823422075002E7911 /* NibLoadable.swift */,
				DF86911A23422075002E7911 /* Then.swift */,
				DF86911B23422075002E7911 /* URLHandler.swift */,
				DFBE579D23422CBF00975DA0 /* StoryBoard.swift */,
				DF8690F72342202E002E7911 /* Animator */,
				DF8690D92342202E002E7911 /* Categroys */,
				DF8690F22342202E002E7911 /* Spring */,
			);
			path = "效率提升的一些便利方法";
			sourceTree = "<group>";
		};
		DF8690D92342202E002E7911 /* Categroys */ = {
			isa = PBXGroup;
			children = (
				DF8690DA2342202E002E7911 /* UIColor+Extension.swift */,
				DF8690DB2342202E002E7911 /* Int+Extension.swift */,
				DF8690DC2342202E002E7911 /* OptionalExtension .swift */,
				DF8690DD2342202E002E7911 /* UIImage+Extension.swift */,
				DF8690DE2342202E002E7911 /* UserDefaultsExtensions.swift */,
				DF8690DF2342202E002E7911 /* ArrayExtension.swift */,
				DF8690E02342202E002E7911 /* QuickUI.swift */,
				DF8690E12342202E002E7911 /* Notification.Name+Extension.swift */,
				DF8690E22342202E002E7911 /* StringExtensions.swift */,
				DF8690E32342202E002E7911 /* UIMotionEffect+Extension.swift */,
				DF8690E42342202E002E7911 /* Double+Extension.swift */,
				DF8690E52342202E002E7911 /* URL+Extension.swift */,
				DF8690E62342202E002E7911 /* UIViewExtension.swift */,
				DF8690E72342202E002E7911 /* UIViewControllerExtensions.swift */,
				DF8690E82342202E002E7911 /* UIDeviceExtension.swift */,
				DF8690E92342202E002E7911 /* UIView+IBDesignable.swift */,
				DF8690EA2342202E002E7911 /* UINavigationControllerExtension.swift */,
				DF8690EC2342202E002E7911 /* SnapKitExtensions.swift */,
				DF8690ED2342202E002E7911 /* ErrorExtension.swift */,
				DF8690EE2342202E002E7911 /* NSObjectExtensions.swift */,
				DF8690EF2342202E002E7911 /* DateExtension.swift */,
				DF8690F02342202E002E7911 /* UIFontExtensions.swift */,
				DF8690F12342202E002E7911 /* CGFloat+Extension.swift */,
			);
			path = Categroys;
			sourceTree = "<group>";
		};
		DF8690F22342202E002E7911 /* Spring */ = {
			isa = PBXGroup;
			children = (
				DF8690F32342202E002E7911 /* Spring.swift */,
				DF8690F42342202E002E7911 /* Misc.swift */,
				DF8690F52342202E002E7911 /* SpringView.swift */,
				DF8690F62342202E002E7911 /* SpringAnimation.swift */,
			);
			path = Spring;
			sourceTree = "<group>";
		};
		DF8690F72342202E002E7911 /* Animator */ = {
			isa = PBXGroup;
			children = (
				DF8690F82342202E002E7911 /* Animation.swift */,
				DF8690F92342202E002E7911 /* Animator.swift */,
			);
			path = Animator;
			sourceTree = "<group>";
		};
		DFBE5798234227A700975DA0 /* SubModule */ = {
			isa = PBXGroup;
			children = (
				DFBE5799234227D400975DA0 /* LoadSBTableVC.swift */,
				DF07FBB1234C90630056B402 /* ToolBarForSBVC.swift */,
			);
			path = SubModule;
			sourceTree = "<group>";
		};
		DFFB959C2321D89800362E42 = {
			isa = PBXGroup;
			children = (
				DFFB95A72321D89800362E42 /* RXSample */,
				DFFB95A62321D89800362E42 /* Products */,
				3723DA5D157D5E927C8EDB10 /* Pods */,
				C0F07E909203AB5726F1D933 /* Frameworks */,
			);
			sourceTree = "<group>";
		};
		DFFB95A62321D89800362E42 /* Products */ = {
			isa = PBXGroup;
			children = (
				DFFB95A52321D89800362E42 /* RXSample.app */,
			);
			name = Products;
			sourceTree = "<group>";
		};
		DFFB95A72321D89800362E42 /* RXSample */ = {
			isa = PBXGroup;
			children = (
				ECB75C81234D8BE800D4F68A /* RxCocoaExtensions */,
				ECB75C58234D8B2F00D4F68A /* RxSwiftExtensions */,
				EC144425234D711700DD0D04 /* Extensions */,
				DF8690D623421FC5002E7911 /* 效率提升的一些便利方法 */,
				DFFB95BA2321E17D00362E42 /* AutoTemplates */,
				DFFB95A82321D89800362E42 /* AppDelegate.swift */,
				DFFB95AC2321D89800362E42 /* Main.storyboard */,
				DFC4169C2323A12F009AD910 /* DecisionTree.storyboard */,
				DFBE579B2342289F00975DA0 /* Test.storyboard */,
				DFFB95E223220D3500362E42 /* 不是船新版本的第三方_手动适配 */,
				DFFB95C92321E1C300362E42 /* Examples */,
				DFFB95AF2321D89900362E42 /* Assets.xcassets */,
				DFFB95B12321D89900362E42 /* LaunchScreen.storyboard */,
				DFFB95B42321D89900362E42 /* Info.plist */,
			);
			path = RXSample;
			sourceTree = "<group>";
		};
		DFFB95BA2321E17D00362E42 /* AutoTemplates */ = {
			isa = PBXGroup;
			children = (
				DFFB95BB2321E17D00362E42 /* Templates */,
				DFFB95C22321E17D00362E42 /* Autogenerated */,
			);
			path = AutoTemplates;
			sourceTree = "<group>";
		};
		DFFB95BB2321E17D00362E42 /* Templates */ = {
			isa = PBXGroup;
			children = (
				DFFB95BC2321E17D00362E42 /* AutogeneratedCodeProtocols.swift */,
				DFFB95C12321E17D00362E42 /* AutoMappable.stencil */,
			);
			path = Templates;
			sourceTree = "<group>";
		};
		DFFB95C22321E17D00362E42 /* Autogenerated */ = {
			isa = PBXGroup;
			children = (
				DFFB95DA2321F10800362E42 /* AutoMappable.generated.swift */,
			);
			path = Autogenerated;
			sourceTree = "<group>";
		};
		DFFB95C92321E1C300362E42 /* Examples */ = {
			isa = PBXGroup;
			children = (
				DFFB95CD2321E26500362E42 /* Service */,
				DFFB95CA2321E24B00362E42 /* Model */,
				DFFB95CB2321E25400362E42 /* View */,
				DFFB95CC2321E25D00362E42 /* ViewModel */,
				DFFB95CE2321E28200362E42 /* ViewController */,
			);
			path = Examples;
			sourceTree = "<group>";
		};
		DFFB95CA2321E24B00362E42 /* Model */ = {
			isa = PBXGroup;
			children = (
				DFFB95D52321EC0B00362E42 /* ChannelModel.swift */,
				DFFB95F32322463700362E42 /* SongModel.swift */,
			);
			path = Model;
			sourceTree = "<group>";
		};
		DFFB95CB2321E25400362E42 /* View */ = {
			isa = PBXGroup;
			children = (
				DFFB95F52322656000362E42 /* HomeCell.swift */,
				DFFB95F62322656000362E42 /* HomeCell.xib */,
				DFBE57962342236A00975DA0 /* BaseCell.swift */,
				DFBE57942342234400975DA0 /* QucikFirstCell.swift */,
				DFBE579F23422D9000975DA0 /* XibView.swift */,
				DFBE57A123422D9B00975DA0 /* XibView.xib */,
			);
			path = View;
			sourceTree = "<group>";
		};
		DFFB95CC2321E25D00362E42 /* ViewModel */ = {
			isa = PBXGroup;
			children = (
				DFFB95DE2321F23D00362E42 /* Tb+MJ+RequestVM.swift */,
			);
			path = ViewModel;
			sourceTree = "<group>";
		};
		DFFB95CD2321E26500362E42 /* Service */ = {
			isa = PBXGroup;
			children = (
				DFFB95CF2321E6A500362E42 /* 开源接口.md */,
				DFFB95D32321E72600362E42 /* DouBanApi.swift */,
				DFFB95D12321E70E00362E42 /* OpenSourceService.swift */,
			);
			path = Service;
			sourceTree = "<group>";
		};
		DFFB95CE2321E28200362E42 /* ViewController */ = {
			isa = PBXGroup;
			children = (
				DFFB95DC2321F1EB00362E42 /* Tb+MJ+RequestVC.swift */,
				DFC41695232371D6009AD910 /* LearningRXDocments.swift */,
				DFC416972323A096009AD910 /* DecisionTreeVC.swift */,
				DF869128234221B9002E7911 /* QucikUIVC.swift */,
				DFBE5798234227A700975DA0 /* SubModule */,
			);
			path = ViewController;
			sourceTree = "<group>";
		};
		DFFB95E223220D3500362E42 /* 不是船新版本的第三方_手动适配 */ = {
			isa = PBXGroup;
			children = (
				DFFB95ED23222A7100362E42 /* Response+ObjectMapper.swift */,
				DFFB95EA23222A7100362E42 /* RxSwift+ObjectMapper */,
				DFFB95E323220E9200362E42 /* RxMoya */,
			);
			path = "不是船新版本的第三方_手动适配";
			sourceTree = "<group>";
		};
		DFFB95E323220E9200362E42 /* RxMoya */ = {
			isa = PBXGroup;
			children = (
				DFFB95E423220E9200362E42 /* Observable+Response.swift */,
				DFFB95E523220E9200362E42 /* MoyaProvider+Rx.swift */,
				DFFB95E623220E9200362E42 /* Single+Response.swift */,
			);
			path = RxMoya;
			sourceTree = "<group>";
		};
		DFFB95EA23222A7100362E42 /* RxSwift+ObjectMapper */ = {
			isa = PBXGroup;
			children = (
				DFFB95EB23222A7100362E42 /* ObservableType+ObjectMapper.swift */,
				DFFB95EC23222A7100362E42 /* Single+ObjectMapper.swift */,
			);
			path = "RxSwift+ObjectMapper";
			sourceTree = "<group>";
		};
		EC144425234D711700DD0D04 /* Extensions */ = {
			isa = PBXGroup;
			children = (
				EC144426234D712800DD0D04 /* BindableType.swift */,
				EC144428234D713100DD0D04 /* UIView+Swizzle.swift */,
				EC14442A234D713900DD0D04 /* UIViewController+Swizzle.swift */,
			);
			path = Extensions;
			sourceTree = "<group>";
		};
		ECB75C58234D8B2F00D4F68A /* RxSwiftExtensions */ = {
			isa = PBXGroup;
			children = (
				ECB75C5C234D8B4B00D4F68A /* ActivityIndicator.swift */,
				ECB75C67234D8B4D00D4F68A /* As.swift */,
				ECB75C61234D8B4C00D4F68A /* CatchError.swift */,
				ECB75C62234D8B4C00D4F68A /* Curry.swift */,
				ECB75C5D234D8B4B00D4F68A /* Distinct.swift */,
				ECB75C6B234D8B4D00D4F68A /* Do.swift */,
				ECB75C6A234D8B4D00D4F68A /* ErrorTracker.swift */,
				ECB75C5F234D8B4C00D4F68A /* Filter.swift */,
				ECB75C60234D8B4C00D4F68A /* FromAsync.swift */,
				ECB75C59234D8B4B00D4F68A /* Ignore.swift */,
				ECB75C5E234D8B4C00D4F68A /* Map.swift */,
				ECB75C5B234D8B4B00D4F68A /* Not.swift */,
				ECB75C68234D8B4D00D4F68A /* Nwise.swift */,
				ECB75C6C234D8B4D00D4F68A /* ObserveOn.swift */,
				ECB75C63234D8B4C00D4F68A /* Pausable.swift */,
				ECB75C69234D8B4D00D4F68A /* PausableBuffered.swift */,
				ECB75C64234D8B4C00D4F68A /* ShareOnce.swift */,
				ECB75C65234D8B4C00D4F68A /* StartWith.swift */,
				ECB75C5A234D8B4B00D4F68A /* Subscribe.swift */,
				ECB75C66234D8B4C00D4F68A /* WithLatestFrom.swift */,
			);
			path = RxSwiftExtensions;
			sourceTree = "<group>";
		};
		ECB75C81234D8BE800D4F68A /* RxCocoaExtensions */ = {
			isa = PBXGroup;
			children = (
				ECB75C87234D8BFA00D4F68A /* <->.swift */,
				ECB75C83234D8BFA00D4F68A /* Bind+Operator.swift */,
				ECB75C88234D8BFA00D4F68A /* CatchError.swift */,
				ECB75C84234D8BFA00D4F68A /* ControlProperty.swift */,
				ECB75C86234D8BFA00D4F68A /* DisposeBag+Operator.swift */,
				ECB75C82234D8BFA00D4F68A /* Filter.swift */,
				ECB75C85234D8BFA00D4F68A /* Map.swift */,
			);
			path = RxCocoaExtensions;
			sourceTree = "<group>";
		};
/* End PBXGroup section */

/* Begin PBXNativeTarget section */
		DFFB95A42321D89800362E42 /* RXSample */ = {
			isa = PBXNativeTarget;
			buildConfigurationList = DFFB95B72321D89900362E42 /* Build configuration list for PBXNativeTarget "RXSample" */;
			buildPhases = (
				BDA57AAAB3D1F44334EDEB25 /* [CP] Check Pods Manifest.lock */,
				DFFB95A12321D89800362E42 /* Sources */,
				DFFB95A22321D89800362E42 /* Frameworks */,
				DFFB95A32321D89800362E42 /* Resources */,
				6F1D8A4F0D1DD8C4A89FBCD6 /* [CP] Embed Pods Frameworks */,
				DFFB95D72321EC9300362E42 /* ShellScript */,
			);
			buildRules = (
			);
			dependencies = (
			);
			name = RXSample;
			productName = RXSample;
			productReference = DFFB95A52321D89800362E42 /* RXSample.app */;
			productType = "com.apple.product-type.application";
		};
/* End PBXNativeTarget section */

/* Begin PBXProject section */
		DFFB959D2321D89800362E42 /* Project object */ = {
			isa = PBXProject;
			attributes = {
				LastSwiftUpdateCheck = 1030;
				LastUpgradeCheck = 1030;
				ORGANIZATIONNAME = liangze;
				TargetAttributes = {
					DFFB95A42321D89800362E42 = {
						CreatedOnToolsVersion = 10.3;
					};
				};
			};
			buildConfigurationList = DFFB95A02321D89800362E42 /* Build configuration list for PBXProject "RXSample" */;
			compatibilityVersion = "Xcode 9.3";
			developmentRegion = en;
			hasScannedForEncodings = 0;
			knownRegions = (
				en,
				Base,
			);
			mainGroup = DFFB959C2321D89800362E42;
			productRefGroup = DFFB95A62321D89800362E42 /* Products */;
			projectDirPath = "";
			projectRoot = "";
			targets = (
				DFFB95A42321D89800362E42 /* RXSample */,
			);
		};
/* End PBXProject section */

/* Begin PBXResourcesBuildPhase section */
		DFFB95A32321D89800362E42 /* Resources */ = {
			isa = PBXResourcesBuildPhase;
			buildActionMask = 2147483647;
			files = (
				DFFB95D02321E6A500362E42 /* 开源接口.md in Resources */,
				DFBE57A223422D9B00975DA0 /* XibView.xib in Resources */,
				DFFB95B32321D89900362E42 /* LaunchScreen.storyboard in Resources */,
				DFFB95C82321E17D00362E42 /* AutoMappable.stencil in Resources */,
				DFFB95B02321D89900362E42 /* Assets.xcassets in Resources */,
				DFFB95F82322656000362E42 /* HomeCell.xib in Resources */,
				DFFB95AE2321D89800362E42 /* Main.storyboard in Resources */,
				DFBE579C2342289F00975DA0 /* Test.storyboard in Resources */,
				DFC4169E2323A12F009AD910 /* DecisionTree.storyboard in Resources */,
			);
			runOnlyForDeploymentPostprocessing = 0;
		};
/* End PBXResourcesBuildPhase section */

/* Begin PBXShellScriptBuildPhase section */
		6F1D8A4F0D1DD8C4A89FBCD6 /* [CP] Embed Pods Frameworks */ = {
			isa = PBXShellScriptBuildPhase;
			buildActionMask = 2147483647;
			files = (
			);
			inputFileListPaths = (
				"${PODS_ROOT}/Target Support Files/Pods-RXSample/Pods-RXSample-frameworks-${CONFIGURATION}-input-files.xcfilelist",
			);
			name = "[CP] Embed Pods Frameworks";
			outputFileListPaths = (
				"${PODS_ROOT}/Target Support Files/Pods-RXSample/Pods-RXSample-frameworks-${CONFIGURATION}-output-files.xcfilelist",
			);
			runOnlyForDeploymentPostprocessing = 0;
			shellPath = /bin/sh;
			shellScript = "\"${PODS_ROOT}/Target Support Files/Pods-RXSample/Pods-RXSample-frameworks.sh\"\n";
			showEnvVarsInLog = 0;
		};
		BDA57AAAB3D1F44334EDEB25 /* [CP] Check Pods Manifest.lock */ = {
			isa = PBXShellScriptBuildPhase;
			buildActionMask = 2147483647;
			files = (
			);
			inputFileListPaths = (
			);
			inputPaths = (
				"${PODS_PODFILE_DIR_PATH}/Podfile.lock",
				"${PODS_ROOT}/Manifest.lock",
			);
			name = "[CP] Check Pods Manifest.lock";
			outputFileListPaths = (
			);
			outputPaths = (
				"$(DERIVED_FILE_DIR)/Pods-RXSample-checkManifestLockResult.txt",
			);
			runOnlyForDeploymentPostprocessing = 0;
			shellPath = /bin/sh;
			shellScript = "diff \"${PODS_PODFILE_DIR_PATH}/Podfile.lock\" \"${PODS_ROOT}/Manifest.lock\" > /dev/null\nif [ $? != 0 ] ; then\n    # print error to STDERR\n    echo \"error: The sandbox is not in sync with the Podfile.lock. Run 'pod install' or update your CocoaPods installation.\" >&2\n    exit 1\nfi\n# This output is used by Xcode 'outputs' to avoid re-running this script phase.\necho \"SUCCESS\" > \"${SCRIPT_OUTPUT_FILE_0}\"\n";
			showEnvVarsInLog = 0;
		};
		DFFB95D72321EC9300362E42 /* ShellScript */ = {
			isa = PBXShellScriptBuildPhase;
			buildActionMask = 2147483647;
			files = (
			);
			inputFileListPaths = (
			);
			inputPaths = (
			);
			outputFileListPaths = (
			);
			outputPaths = (
			);
			runOnlyForDeploymentPostprocessing = 0;
			shellPath = /bin/sh;
			shellScript = "cd ${SRCROOT}/Script\nsh runscript.sh\n";
		};
/* End PBXShellScriptBuildPhase section */

/* Begin PBXSourcesBuildPhase section */
		DFFB95A12321D89800362E42 /* Sources */ = {
			isa = PBXSourcesBuildPhase;
			buildActionMask = 2147483647;
			files = (
				DF86910B2342202F002E7911 /* GlobalParameter.swift in Sources */,
				DF8691032342202F002E7911 /* UIMotionEffect+Extension.swift in Sources */,
				ECB75C8F234D8BFA00D4F68A /* CatchError.swift in Sources */,
				ECB75C77234D8B4D00D4F68A /* Pausable.swift in Sources */,
				DF8691102342202F002E7911 /* UIFontExtensions.swift in Sources */,
				EC144429234D713100DD0D04 /* UIView+Swizzle.swift in Sources */,
				DF8691132342202F002E7911 /* Misc.swift in Sources */,
				ECB75C7C234D8B4D00D4F68A /* Nwise.swift in Sources */,
				ECB75C7E234D8B4D00D4F68A /* ErrorTracker.swift in Sources */,
				DF8691072342202F002E7911 /* UIViewControllerExtensions.swift in Sources */,
				DF8691172342202F002E7911 /* Animator.swift in Sources */,
				DF8691142342202F002E7911 /* SpringView.swift in Sources */,
				ECB75C6E234D8B4D00D4F68A /* Subscribe.swift in Sources */,
				DF8690FF2342202F002E7911 /* ArrayExtension.swift in Sources */,
				DF8691002342202F002E7911 /* QuickUI.swift in Sources */,
				DFFB95E923220E9200362E42 /* Single+Response.swift in Sources */,
				DFFB95DF2321F23D00362E42 /* Tb+MJ+RequestVM.swift in Sources */,
				DF8691162342202F002E7911 /* Animation.swift in Sources */,
				DFBE57952342234400975DA0 /* QucikFirstCell.swift in Sources */,
				ECB75C8A234D8BFA00D4F68A /* Bind+Operator.swift in Sources */,
				DF86912723422076002E7911 /* LZPresentTransitioningAnimate.swift in Sources */,
				ECB75C79234D8B4D00D4F68A /* StartWith.swift in Sources */,
				ECB75C6F234D8B4D00D4F68A /* Not.swift in Sources */,
				ECB75C71234D8B4D00D4F68A /* Distinct.swift in Sources */,
				ECB75C7B234D8B4D00D4F68A /* As.swift in Sources */,
				DFFB95F42322463700362E42 /* SongModel.swift in Sources */,
				DF8691062342202F002E7911 /* UIViewExtension.swift in Sources */,
				DF8690FB2342202F002E7911 /* Int+Extension.swift in Sources */,
				DF8691012342202F002E7911 /* Notification.Name+Extension.swift in Sources */,
				ECB75C8B234D8BFA00D4F68A /* ControlProperty.swift in Sources */,
				DF86910E2342202F002E7911 /* NSObjectExtensions.swift in Sources */,
				ECB75C78234D8B4D00D4F68A /* ShareOnce.swift in Sources */,
				DF8691152342202F002E7911 /* SpringAnimation.swift in Sources */,
				DF8691042342202F002E7911 /* Double+Extension.swift in Sources */,
				ECB75C89234D8BFA00D4F68A /* Filter.swift in Sources */,
				ECB75C7A234D8B4D00D4F68A /* WithLatestFrom.swift in Sources */,
				DF869129234221B9002E7911 /* QucikUIVC.swift in Sources */,
				DF86910A2342202F002E7911 /* UINavigationControllerExtension.swift in Sources */,
				ECB75C76234D8B4D00D4F68A /* Curry.swift in Sources */,
				DF86912223422076002E7911 /* Then.swift in Sources */,
				DF86912323422076002E7911 /* URLHandler.swift in Sources */,
				ECB75C8D234D8BFA00D4F68A /* DisposeBag+Operator.swift in Sources */,
				DFFB95D42321E72600362E42 /* DouBanApi.swift in Sources */,
				DFFB95D62321EC0B00362E42 /* ChannelModel.swift in Sources */,
				DFFB95DB2321F10800362E42 /* AutoMappable.generated.swift in Sources */,
				DF8691122342202F002E7911 /* Spring.swift in Sources */,
				DF86912123422076002E7911 /* LZPopupTransitioningAnimate.swift in Sources */,
				ECB75C72234D8B4D00D4F68A /* Map.swift in Sources */,
				DFBE579E23422CBF00975DA0 /* StoryBoard.swift in Sources */,
				DF86910F2342202F002E7911 /* DateExtension.swift in Sources */,
				EC144427234D712800DD0D04 /* BindableType.swift in Sources */,
				ECB75C6D234D8B4D00D4F68A /* Ignore.swift in Sources */,
				DF86912623422076002E7911 /* LZPresentationControlller.swift in Sources */,
				DF86910C2342202F002E7911 /* SnapKitExtensions.swift in Sources */,
				DFFB95E823220E9200362E42 /* MoyaProvider+Rx.swift in Sources */,
				EC14442B234D713900DD0D04 /* UIViewController+Swizzle.swift in Sources */,
				DFFB95E723220E9200362E42 /* Observable+Response.swift in Sources */,
				DF8690FD2342202F002E7911 /* UIImage+Extension.swift in Sources */,
				ECB75C80234D8B4D00D4F68A /* ObserveOn.swift in Sources */,
				ECB75C7D234D8B4D00D4F68A /* PausableBuffered.swift in Sources */,
				DF8691092342202F002E7911 /* UIView+IBDesignable.swift in Sources */,
				DFBE57A023422D9000975DA0 /* XibView.swift in Sources */,
				ECB75C75234D8B4D00D4F68A /* CatchError.swift in Sources */,
				DF07FBB2234C90630056B402 /* ToolBarForSBVC.swift in Sources */,
				ECB75C70234D8B4D00D4F68A /* ActivityIndicator.swift in Sources */,
				DFFB95A92321D89800362E42 /* AppDelegate.swift in Sources */,
				DFFB95DD2321F1EB00362E42 /* Tb+MJ+RequestVC.swift in Sources */,
				DFC41696232371D6009AD910 /* LearningRXDocments.swift in Sources */,
				DFFB95D22321E70E00362E42 /* OpenSourceService.swift in Sources */,
				DF8691112342202F002E7911 /* CGFloat+Extension.swift in Sources */,
				DF8690FE2342202F002E7911 /* UserDefaultsExtensions.swift in Sources */,
				DFFB95EF23222A7100362E42 /* Single+ObjectMapper.swift in Sources */,
				ECB75C8C234D8BFA00D4F68A /* Map.swift in Sources */,
				DFFB95EE23222A7100362E42 /* ObservableType+ObjectMapper.swift in Sources */,
				DF86910D2342202F002E7911 /* ErrorExtension.swift in Sources */,
				ECB75C74234D8B4D00D4F68A /* FromAsync.swift in Sources */,
				DFC416982323A096009AD910 /* DecisionTreeVC.swift in Sources */,
				DFFB95F72322656000362E42 /* HomeCell.swift in Sources */,
				DFFB95F023222A7100362E42 /* Response+ObjectMapper.swift in Sources */,
				DF8691052342202F002E7911 /* URL+Extension.swift in Sources */,
				ECB75C8E234D8BFA00D4F68A /* <->.swift in Sources */,
				DF86912023422076002E7911 /* NibLoadable.swift in Sources */,
				DFBE57972342236A00975DA0 /* BaseCell.swift in Sources */,
				DF8691022342202F002E7911 /* StringExtensions.swift in Sources */,
				DF86912423422076002E7911 /* LZTransitioningAnimate.swift in Sources */,
				ECB75C73234D8B4D00D4F68A /* Filter.swift in Sources */,
				ECB75C7F234D8B4D00D4F68A /* Do.swift in Sources */,
				DF86912523422076002E7911 /* LZToolBar.swift in Sources */,
				DFFB95C32321E17D00362E42 /* AutogeneratedCodeProtocols.swift in Sources */,
				DFBE579A234227D400975DA0 /* LoadSBTableVC.swift in Sources */,
				DF8690FC2342202F002E7911 /* OptionalExtension .swift in Sources */,
				DF8690FA2342202F002E7911 /* UIColor+Extension.swift in Sources */,
				DF8691082342202F002E7911 /* UIDeviceExtension.swift in Sources */,
			);
			runOnlyForDeploymentPostprocessing = 0;
		};
/* End PBXSourcesBuildPhase section */

/* Begin PBXVariantGroup section */
		DFC4169C2323A12F009AD910 /* DecisionTree.storyboard */ = {
			isa = PBXVariantGroup;
			children = (
				DFC4169D2323A12F009AD910 /* Base */,
			);
			name = DecisionTree.storyboard;
			sourceTree = "<group>";
		};
		DFFB95AC2321D89800362E42 /* Main.storyboard */ = {
			isa = PBXVariantGroup;
			children = (
				DFFB95AD2321D89800362E42 /* Base */,
			);
			name = Main.storyboard;
			sourceTree = "<group>";
		};
		DFFB95B12321D89900362E42 /* LaunchScreen.storyboard */ = {
			isa = PBXVariantGroup;
			children = (
				DFFB95B22321D89900362E42 /* Base */,
			);
			name = LaunchScreen.storyboard;
			sourceTree = "<group>";
		};
/* End PBXVariantGroup section */

/* Begin XCBuildConfiguration section */
		DFFB95B52321D89900362E42 /* Debug */ = {
			isa = XCBuildConfiguration;
			buildSettings = {
				ALWAYS_SEARCH_USER_PATHS = NO;
				CLANG_ANALYZER_NONNULL = YES;
				CLANG_ANALYZER_NUMBER_OBJECT_CONVERSION = YES_AGGRESSIVE;
				CLANG_CXX_LANGUAGE_STANDARD = "gnu++14";
				CLANG_CXX_LIBRARY = "libc++";
				CLANG_ENABLE_MODULES = YES;
				CLANG_ENABLE_OBJC_ARC = YES;
				CLANG_ENABLE_OBJC_WEAK = YES;
				CLANG_WARN_BLOCK_CAPTURE_AUTORELEASING = YES;
				CLANG_WARN_BOOL_CONVERSION = YES;
				CLANG_WARN_COMMA = YES;
				CLANG_WARN_CONSTANT_CONVERSION = YES;
				CLANG_WARN_DEPRECATED_OBJC_IMPLEMENTATIONS = YES;
				CLANG_WARN_DIRECT_OBJC_ISA_USAGE = YES_ERROR;
				CLANG_WARN_DOCUMENTATION_COMMENTS = YES;
				CLANG_WARN_EMPTY_BODY = YES;
				CLANG_WARN_ENUM_CONVERSION = YES;
				CLANG_WARN_INFINITE_RECURSION = YES;
				CLANG_WARN_INT_CONVERSION = YES;
				CLANG_WARN_NON_LITERAL_NULL_CONVERSION = YES;
				CLANG_WARN_OBJC_IMPLICIT_RETAIN_SELF = YES;
				CLANG_WARN_OBJC_LITERAL_CONVERSION = YES;
				CLANG_WARN_OBJC_ROOT_CLASS = YES_ERROR;
				CLANG_WARN_RANGE_LOOP_ANALYSIS = YES;
				CLANG_WARN_STRICT_PROTOTYPES = YES;
				CLANG_WARN_SUSPICIOUS_MOVE = YES;
				CLANG_WARN_UNGUARDED_AVAILABILITY = YES_AGGRESSIVE;
				CLANG_WARN_UNREACHABLE_CODE = YES;
				CLANG_WARN__DUPLICATE_METHOD_MATCH = YES;
				CODE_SIGN_IDENTITY = "iPhone Developer";
				COPY_PHASE_STRIP = NO;
				DEBUG_INFORMATION_FORMAT = dwarf;
				ENABLE_STRICT_OBJC_MSGSEND = YES;
				ENABLE_TESTABILITY = YES;
				GCC_C_LANGUAGE_STANDARD = gnu11;
				GCC_DYNAMIC_NO_PIC = NO;
				GCC_NO_COMMON_BLOCKS = YES;
				GCC_OPTIMIZATION_LEVEL = 0;
				GCC_PREPROCESSOR_DEFINITIONS = (
					"DEBUG=1",
					"$(inherited)",
				);
				GCC_WARN_64_TO_32_BIT_CONVERSION = YES;
				GCC_WARN_ABOUT_RETURN_TYPE = YES_ERROR;
				GCC_WARN_UNDECLARED_SELECTOR = YES;
				GCC_WARN_UNINITIALIZED_AUTOS = YES_AGGRESSIVE;
				GCC_WARN_UNUSED_FUNCTION = YES;
				GCC_WARN_UNUSED_VARIABLE = YES;
				IPHONEOS_DEPLOYMENT_TARGET = 12.4;
				MTL_ENABLE_DEBUG_INFO = INCLUDE_SOURCE;
				MTL_FAST_MATH = YES;
				ONLY_ACTIVE_ARCH = YES;
				SDKROOT = iphoneos;
				SWIFT_ACTIVE_COMPILATION_CONDITIONS = DEBUG;
				SWIFT_OPTIMIZATION_LEVEL = "-Onone";
			};
			name = Debug;
		};
		DFFB95B62321D89900362E42 /* Release */ = {
			isa = XCBuildConfiguration;
			buildSettings = {
				ALWAYS_SEARCH_USER_PATHS = NO;
				CLANG_ANALYZER_NONNULL = YES;
				CLANG_ANALYZER_NUMBER_OBJECT_CONVERSION = YES_AGGRESSIVE;
				CLANG_CXX_LANGUAGE_STANDARD = "gnu++14";
				CLANG_CXX_LIBRARY = "libc++";
				CLANG_ENABLE_MODULES = YES;
				CLANG_ENABLE_OBJC_ARC = YES;
				CLANG_ENABLE_OBJC_WEAK = YES;
				CLANG_WARN_BLOCK_CAPTURE_AUTORELEASING = YES;
				CLANG_WARN_BOOL_CONVERSION = YES;
				CLANG_WARN_COMMA = YES;
				CLANG_WARN_CONSTANT_CONVERSION = YES;
				CLANG_WARN_DEPRECATED_OBJC_IMPLEMENTATIONS = YES;
				CLANG_WARN_DIRECT_OBJC_ISA_USAGE = YES_ERROR;
				CLANG_WARN_DOCUMENTATION_COMMENTS = YES;
				CLANG_WARN_EMPTY_BODY = YES;
				CLANG_WARN_ENUM_CONVERSION = YES;
				CLANG_WARN_INFINITE_RECURSION = YES;
				CLANG_WARN_INT_CONVERSION = YES;
				CLANG_WARN_NON_LITERAL_NULL_CONVERSION = YES;
				CLANG_WARN_OBJC_IMPLICIT_RETAIN_SELF = YES;
				CLANG_WARN_OBJC_LITERAL_CONVERSION = YES;
				CLANG_WARN_OBJC_ROOT_CLASS = YES_ERROR;
				CLANG_WARN_RANGE_LOOP_ANALYSIS = YES;
				CLANG_WARN_STRICT_PROTOTYPES = YES;
				CLANG_WARN_SUSPICIOUS_MOVE = YES;
				CLANG_WARN_UNGUARDED_AVAILABILITY = YES_AGGRESSIVE;
				CLANG_WARN_UNREACHABLE_CODE = YES;
				CLANG_WARN__DUPLICATE_METHOD_MATCH = YES;
				CODE_SIGN_IDENTITY = "iPhone Developer";
				COPY_PHASE_STRIP = NO;
				DEBUG_INFORMATION_FORMAT = "dwarf-with-dsym";
				ENABLE_NS_ASSERTIONS = NO;
				ENABLE_STRICT_OBJC_MSGSEND = YES;
				GCC_C_LANGUAGE_STANDARD = gnu11;
				GCC_NO_COMMON_BLOCKS = YES;
				GCC_WARN_64_TO_32_BIT_CONVERSION = YES;
				GCC_WARN_ABOUT_RETURN_TYPE = YES_ERROR;
				GCC_WARN_UNDECLARED_SELECTOR = YES;
				GCC_WARN_UNINITIALIZED_AUTOS = YES_AGGRESSIVE;
				GCC_WARN_UNUSED_FUNCTION = YES;
				GCC_WARN_UNUSED_VARIABLE = YES;
				IPHONEOS_DEPLOYMENT_TARGET = 12.4;
				MTL_ENABLE_DEBUG_INFO = NO;
				MTL_FAST_MATH = YES;
				SDKROOT = iphoneos;
				SWIFT_COMPILATION_MODE = wholemodule;
				SWIFT_OPTIMIZATION_LEVEL = "-O";
				VALIDATE_PRODUCT = YES;
			};
			name = Release;
		};
		DFFB95B82321D89900362E42 /* Debug */ = {
			isa = XCBuildConfiguration;
			baseConfigurationReference = 05FD42EE1A8257E5583FCE75 /* Pods-RXSample.debug.xcconfig */;
			buildSettings = {
				ASSETCATALOG_COMPILER_APPICON_NAME = AppIcon;
				CODE_SIGN_STYLE = Automatic;
				DEVELOPMENT_TEAM = 58Y74FY8QK;
				INFOPLIST_FILE = RXSample/Info.plist;
				IPHONEOS_DEPLOYMENT_TARGET = 10.0;
				LD_RUNPATH_SEARCH_PATHS = (
					"$(inherited)",
					"@executable_path/Frameworks",
				);
				PRODUCT_BUNDLE_IDENTIFIER = com.fbbc.RXSample;
				PRODUCT_NAME = "$(TARGET_NAME)";
				SWIFT_VERSION = 5.0;
				TARGETED_DEVICE_FAMILY = "1,2";
			};
			name = Debug;
		};
		DFFB95B92321D89900362E42 /* Release */ = {
			isa = XCBuildConfiguration;
			baseConfigurationReference = F0C1B9BD5BFCD786B940CFB0 /* Pods-RXSample.release.xcconfig */;
			buildSettings = {
				ASSETCATALOG_COMPILER_APPICON_NAME = AppIcon;
				CODE_SIGN_STYLE = Automatic;
				DEVELOPMENT_TEAM = 58Y74FY8QK;
				INFOPLIST_FILE = RXSample/Info.plist;
				IPHONEOS_DEPLOYMENT_TARGET = 10.0;
				LD_RUNPATH_SEARCH_PATHS = (
					"$(inherited)",
					"@executable_path/Frameworks",
				);
				PRODUCT_BUNDLE_IDENTIFIER = com.fbbc.RXSample;
				PRODUCT_NAME = "$(TARGET_NAME)";
				SWIFT_VERSION = 5.0;
				TARGETED_DEVICE_FAMILY = "1,2";
			};
			name = Release;
		};
/* End XCBuildConfiguration section */

/* Begin XCConfigurationList section */
		DFFB95A02321D89800362E42 /* Build configuration list for PBXProject "RXSample" */ = {
			isa = XCConfigurationList;
			buildConfigurations = (
				DFFB95B52321D89900362E42 /* Debug */,
				DFFB95B62321D89900362E42 /* Release */,
			);
			defaultConfigurationIsVisible = 0;
			defaultConfigurationName = Release;
		};
		DFFB95B72321D89900362E42 /* Build configuration list for PBXNativeTarget "RXSample" */ = {
			isa = XCConfigurationList;
			buildConfigurations = (
				DFFB95B82321D89900362E42 /* Debug */,
				DFFB95B92321D89900362E42 /* Release */,
			);
			defaultConfigurationIsVisible = 0;
			defaultConfigurationName = Release;
		};
/* End XCConfigurationList section */
	};
	rootObject = DFFB959D2321D89800362E42 /* Project object */;
}
